
Microsoft Visual Studio Solution File, Format Version 12.00
# Visual Studio 14
VisualStudioVersion = 14.0.25420.1
MinimumVisualStudioVersion = 10.0.40219.1
Project("{FAE04EC0-301F-11D3-BF4B-00C04F79EFBC}") = "PracticeTracker", "PracticeTracker\PracticeTracker\PracticeTracker.csproj", "{05F3F551-04E1-452E-920E-47A56D674026}"
EndProject
Project("{FAE04EC0-301F-11D3-BF4B-00C04F79EFBC}") = "PracticeTracker.Droid", "PracticeTracker\PracticeTracker.Droid\PracticeTracker.Droid.csproj", "{7A9DAE20-E3DA-40F1-BA75-5138232FCE24}"
EndProject
Project("{FAE04EC0-301F-11D3-BF4B-00C04F79EFBC}") = "PracticeTracker.iOS", "PracticeTracker\PracticeTracker.iOS\PracticeTracker.iOS.csproj", "{904A564C-06EC-4BA2-9459-711FCD27B99E}"
EndProject
Project("{FAE04EC0-301F-11D3-BF4B-00C04F79EFBC}") = "PracticeTracker.WinPhone", "PracticeTracker\PracticeTracker.WinPhone\PracticeTracker.WinPhone.csproj", "{3CD9010F-5DB5-4D55-A7DF-45DA1AF8C6A2}"
EndProject
Project("{FAE04EC0-301F-11D3-BF4B-00C04F79EFBC}") = "PracticeTracker.UWP", "PracticeTracker\PracticeTracker.UWP\PracticeTracker.UWP.csproj", "{B45C110B-B59A-4977-9E44-CA3957DCB663}"
EndProject
Project("{FAE04EC0-301F-11D3-BF4B-00C04F79EFBC}") = "PracticeTracker.Windows", "PracticeTracker\PracticeTracker.Windows\PracticeTracker.Windows.csproj", "{140FEB1B-27B4-42DA-888D-EEC148FA5BCB}"
EndProject
Global
	GlobalSection(SolutionConfigurationPlatforms) = preSolution
		Ad-Hoc|Any CPU = Ad-Hoc|Any CPU
		Ad-Hoc|ARM = Ad-Hoc|ARM
		Ad-Hoc|iPhone = Ad-Hoc|iPhone
		Ad-Hoc|iPhoneSimulator = Ad-Hoc|iPhoneSimulator
		Ad-Hoc|x64 = Ad-Hoc|x64
		Ad-Hoc|x86 = Ad-Hoc|x86
		AppStore|Any CPU = AppStore|Any CPU
		AppStore|ARM = AppStore|ARM
		AppStore|iPhone = AppStore|iPhone
		AppStore|iPhoneSimulator = AppStore|iPhoneSimulator
		AppStore|x64 = AppStore|x64
		AppStore|x86 = AppStore|x86
		Debug|Any CPU = Debug|Any CPU
		Debug|ARM = Debug|ARM
		Debug|iPhone = Debug|iPhone
		Debug|iPhoneSimulator = Debug|iPhoneSimulator
		Debug|x64 = Debug|x64
		Debug|x86 = Debug|x86
		Release|Any CPU = Release|Any CPU
		Release|ARM = Release|ARM
		Release|iPhone = Release|iPhone
		Release|iPhoneSimulator = Release|iPhoneSimulator
		Release|x64 = Release|x64
		Release|x86 = Release|x86
	EndGlobalSection
	GlobalSection(ProjectConfigurationPlatforms) = postSolution
		{05F3F551-04E1-452E-920E-47A56D674026}.Ad-Hoc|Any CPU.ActiveCfg = Release|Any CPU
		{05F3F551-04E1-452E-920E-47A56D674026}.Ad-Hoc|Any CPU.Build.0 = Release|Any CPU
		{05F3F551-04E1-452E-920E-47A56D674026}.Ad-Hoc|ARM.ActiveCfg = Release|Any CPU
		{05F3F551-04E1-452E-920E-47A56D674026}.Ad-Hoc|ARM.Build.0 = Release|Any CPU
		{05F3F551-04E1-452E-920E-47A56D674026}.Ad-Hoc|iPhone.ActiveCfg = Release|Any CPU
		{05F3F551-04E1-452E-920E-47A56D674026}.Ad-Hoc|iPhone.Build.0 = Release|Any CPU
		{05F3F551-04E1-452E-920E-47A56D674026}.Ad-Hoc|iPhoneSimulator.ActiveCfg = Release|Any CPU
		{05F3F551-04E1-452E-920E-47A56D674026}.Ad-Hoc|iPhoneSimulator.Build.0 = Release|Any CPU
		{05F3F551-04E1-452E-920E-47A56D674026}.Ad-Hoc|x64.ActiveCfg = Release|Any CPU
		{05F3F551-04E1-452E-920E-47A56D674026}.Ad-Hoc|x64.Build.0 = Release|Any CPU
		{05F3F551-04E1-452E-920E-47A56D674026}.Ad-Hoc|x86.ActiveCfg = Release|Any CPU
		{05F3F551-04E1-452E-920E-47A56D674026}.Ad-Hoc|x86.Build.0 = Release|Any CPU
		{05F3F551-04E1-452E-920E-47A56D674026}.AppStore|Any CPU.ActiveCfg = Release|Any CPU
		{05F3F551-04E1-452E-920E-47A56D674026}.AppStore|Any CPU.Build.0 = Release|Any CPU
		{05F3F551-04E1-452E-920E-47A56D674026}.AppStore|ARM.ActiveCfg = Release|Any CPU
		{05F3F551-04E1-452E-920E-47A56D674026}.AppStore|ARM.Build.0 = Release|Any CPU
		{05F3F551-04E1-452E-920E-47A56D674026}.AppStore|iPhone.ActiveCfg = Release|Any CPU
		{05F3F551-04E1-452E-920E-47A56D674026}.AppStore|iPhone.Build.0 = Release|Any CPU
		{05F3F551-04E1-452E-920E-47A56D674026}.AppStore|iPhoneSimulator.ActiveCfg = Release|Any CPU
		{05F3F551-04E1-452E-920E-47A56D674026}.AppStore|iPhoneSimulator.Build.0 = Release|Any CPU
		{05F3F551-04E1-452E-920E-47A56D674026}.AppStore|x64.ActiveCfg = Release|Any CPU
		{05F3F551-04E1-452E-920E-47A56D674026}.AppStore|x64.Build.0 = Release|Any CPU
		{05F3F551-04E1-452E-920E-47A56D674026}.AppStore|x86.ActiveCfg = Release|Any CPU
		{05F3F551-04E1-452E-920E-47A56D674026}.AppStore|x86.Build.0 = Release|Any CPU
		{05F3F551-04E1-452E-920E-47A56D674026}.Debug|Any CPU.ActiveCfg = Debug|Any CPU
		{05F3F551-04E1-452E-920E-47A56D674026}.Debug|Any CPU.Build.0 = Debug|Any CPU
		{05F3F551-04E1-452E-920E-47A56D674026}.Debug|ARM.ActiveCfg = Debug|Any CPU
		{05F3F551-04E1-452E-920E-47A56D674026}.Debug|ARM.Build.0 = Debug|Any CPU
		{05F3F551-04E1-452E-920E-47A56D674026}.Debug|iPhone.ActiveCfg = Debug|Any CPU
		{05F3F551-04E1-452E-920E-47A56D674026}.Debug|iPhone.Build.0 = Debug|Any CPU
		{05F3F551-04E1-452E-920E-47A56D674026}.Debug|iPhoneSimulator.ActiveCfg = Debug|Any CPU
		{05F3F551-04E1-452E-920E-47A56D674026}.Debug|iPhoneSimulator.Build.0 = Debug|Any CPU
		{05F3F551-04E1-452E-920E-47A56D674026}.Debug|x64.ActiveCfg = Debug|Any CPU
		{05F3F551-04E1-452E-920E-47A56D674026}.Debug|x64.Build.0 = Debug|Any CPU
		{05F3F551-04E1-452E-920E-47A56D674026}.Debug|x86.ActiveCfg = Debug|Any CPU
		{05F3F551-04E1-452E-920E-47A56D674026}.Debug|x86.Build.0 = Debug|Any CPU
		{05F3F551-04E1-452E-920E-47A56D674026}.Release|Any CPU.ActiveCfg = Release|Any CPU
		{05F3F551-04E1-452E-920E-47A56D674026}.Release|Any CPU.Build.0 = Release|Any CPU
		{05F3F551-04E1-452E-920E-47A56D674026}.Release|ARM.ActiveCfg = Release|Any CPU
		{05F3F551-04E1-452E-920E-47A56D674026}.Release|ARM.Build.0 = Release|Any CPU
		{05F3F551-04E1-452E-920E-47A56D674026}.Release|iPhone.ActiveCfg = Release|Any CPU
		{05F3F551-04E1-452E-920E-47A56D674026}.Release|iPhone.Build.0 = Release|Any CPU
		{05F3F551-04E1-452E-920E-47A56D674026}.Release|iPhoneSimulator.ActiveCfg = Release|Any CPU
		{05F3F551-04E1-452E-920E-47A56D674026}.Release|iPhoneSimulator.Build.0 = Release|Any CPU
		{05F3F551-04E1-452E-920E-47A56D674026}.Release|x64.ActiveCfg = Release|Any CPU
		{05F3F551-04E1-452E-920E-47A56D674026}.Release|x64.Build.0 = Release|Any CPU
		{05F3F551-04E1-452E-920E-47A56D674026}.Release|x86.ActiveCfg = Release|Any CPU
		{05F3F551-04E1-452E-920E-47A56D674026}.Release|x86.Build.0 = Release|Any CPU
		{7A9DAE20-E3DA-40F1-BA75-5138232FCE24}.Ad-Hoc|Any CPU.ActiveCfg = Release|Any CPU
		{7A9DAE20-E3DA-40F1-BA75-5138232FCE24}.Ad-Hoc|Any CPU.Build.0 = Release|Any CPU
		{7A9DAE20-E3DA-40F1-BA75-5138232FCE24}.Ad-Hoc|Any CPU.Deploy.0 = Release|Any CPU
		{7A9DAE20-E3DA-40F1-BA75-5138232FCE24}.Ad-Hoc|ARM.ActiveCfg = Release|Any CPU
		{7A9DAE20-E3DA-40F1-BA75-5138232FCE24}.Ad-Hoc|ARM.Build.0 = Release|Any CPU
		{7A9DAE20-E3DA-40F1-BA75-5138232FCE24}.Ad-Hoc|ARM.Deploy.0 = Release|Any CPU
		{7A9DAE20-E3DA-40F1-BA75-5138232FCE24}.Ad-Hoc|iPhone.ActiveCfg = Release|Any CPU
		{7A9DAE20-E3DA-40F1-BA75-5138232FCE24}.Ad-Hoc|iPhone.Build.0 = Release|Any CPU
		{7A9DAE20-E3DA-40F1-BA75-5138232FCE24}.Ad-Hoc|iPhone.Deploy.0 = Release|Any CPU
		{7A9DAE20-E3DA-40F1-BA75-5138232FCE24}.Ad-Hoc|iPhoneSimulator.ActiveCfg = Release|Any CPU
		{7A9DAE20-E3DA-40F1-BA75-5138232FCE24}.Ad-Hoc|iPhoneSimulator.Build.0 = Release|Any CPU
		{7A9DAE20-E3DA-40F1-BA75-5138232FCE24}.Ad-Hoc|iPhoneSimulator.Deploy.0 = Release|Any CPU
		{7A9DAE20-E3DA-40F1-BA75-5138232FCE24}.Ad-Hoc|x64.ActiveCfg = Release|Any CPU
		{7A9DAE20-E3DA-40F1-BA75-5138232FCE24}.Ad-Hoc|x64.Build.0 = Release|Any CPU
		{7A9DAE20-E3DA-40F1-BA75-5138232FCE24}.Ad-Hoc|x64.Deploy.0 = Release|Any CPU
		{7A9DAE20-E3DA-40F1-BA75-5138232FCE24}.Ad-Hoc|x86.ActiveCfg = Release|Any CPU
		{7A9DAE20-E3DA-40F1-BA75-5138232FCE24}.Ad-Hoc|x86.Build.0 = Release|Any CPU
		{7A9DAE20-E3DA-40F1-BA75-5138232FCE24}.Ad-Hoc|x86.Deploy.0 = Release|Any CPU
		{7A9DAE20-E3DA-40F1-BA75-5138232FCE24}.AppStore|Any CPU.ActiveCfg = Release|Any CPU
		{7A9DAE20-E3DA-40F1-BA75-5138232FCE24}.AppStore|Any CPU.Build.0 = Release|Any CPU
		{7A9DAE20-E3DA-40F1-BA75-5138232FCE24}.AppStore|Any CPU.Deploy.0 = Release|Any CPU
		{7A9DAE20-E3DA-40F1-BA75-5138232FCE24}.AppStore|ARM.ActiveCfg = Release|Any CPU
		{7A9DAE20-E3DA-40F1-BA75-5138232FCE24}.AppStore|ARM.Build.0 = Release|Any CPU
		{7A9DAE20-E3DA-40F1-BA75-5138232FCE24}.AppStore|ARM.Deploy.0 = Release|Any CPU
		{7A9DAE20-E3DA-40F1-BA75-5138232FCE24}.AppStore|iPhone.ActiveCfg = Release|Any CPU
		{7A9DAE20-E3DA-40F1-BA75-5138232FCE24}.AppStore|iPhone.Build.0 = Release|Any CPU
		{7A9DAE20-E3DA-40F1-BA75-5138232FCE24}.AppStore|iPhone.Deploy.0 = Release|Any CPU
		{7A9DAE20-E3DA-40F1-BA75-5138232FCE24}.AppStore|iPhoneSimulator.ActiveCfg = Release|Any CPU
		{7A9DAE20-E3DA-40F1-BA75-5138232FCE24}.AppStore|iPhoneSimulator.Build.0 = Release|Any CPU
		{7A9DAE20-E3DA-40F1-BA75-5138232FCE24}.AppStore|iPhoneSimulator.Deploy.0 = Release|Any CPU
		{7A9DAE20-E3DA-40F1-BA75-5138232FCE24}.AppStore|x64.ActiveCfg = Release|Any CPU
		{7A9DAE20-E3DA-40F1-BA75-5138232FCE24}.AppStore|x64.Build.0 = Release|Any CPU
		{7A9DAE20-E3DA-40F1-BA75-5138232FCE24}.AppStore|x64.Deploy.0 = Release|Any CPU
		{7A9DAE20-E3DA-40F1-BA75-5138232FCE24}.AppStore|x86.ActiveCfg = Release|Any CPU
		{7A9DAE20-E3DA-40F1-BA75-5138232FCE24}.AppStore|x86.Build.0 = Release|Any CPU
		{7A9DAE20-E3DA-40F1-BA75-5138232FCE24}.AppStore|x86.Deploy.0 = Release|Any CPU
		{7A9DAE20-E3DA-40F1-BA75-5138232FCE24}.Debug|Any CPU.ActiveCfg = Debug|Any CPU
		{7A9DAE20-E3DA-40F1-BA75-5138232FCE24}.Debug|Any CPU.Build.0 = Debug|Any CPU
		{7A9DAE20-E3DA-40F1-BA75-5138232FCE24}.Debug|Any CPU.Deploy.0 = Debug|Any CPU
		{7A9DAE20-E3DA-40F1-BA75-5138232FCE24}.Debug|ARM.ActiveCfg = Debug|Any CPU
		{7A9DAE20-E3DA-40F1-BA75-5138232FCE24}.Debug|ARM.Build.0 = Debug|Any CPU
		{7A9DAE20-E3DA-40F1-BA75-5138232FCE24}.Debug|ARM.Deploy.0 = Debug|Any CPU
		{7A9DAE20-E3DA-40F1-BA75-5138232FCE24}.Debug|iPhone.ActiveCfg = Debug|Any CPU
		{7A9DAE20-E3DA-40F1-BA75-5138232FCE24}.Debug|iPhone.Build.0 = Debug|Any CPU
		{7A9DAE20-E3DA-40F1-BA75-5138232FCE24}.Debug|iPhone.Deploy.0 = Debug|Any CPU
		{7A9DAE20-E3DA-40F1-BA75-5138232FCE24}.Debug|iPhoneSimulator.ActiveCfg = Debug|Any CPU
		{7A9DAE20-E3DA-40F1-BA75-5138232FCE24}.Debug|iPhoneSimulator.Build.0 = Debug|Any CPU
		{7A9DAE20-E3DA-40F1-BA75-5138232FCE24}.Debug|iPhoneSimulator.Deploy.0 = Debug|Any CPU
		{7A9DAE20-E3DA-40F1-BA75-5138232FCE24}.Debug|x64.ActiveCfg = Debug|Any CPU
		{7A9DAE20-E3DA-40F1-BA75-5138232FCE24}.Debug|x64.Build.0 = Debug|Any CPU
		{7A9DAE20-E3DA-40F1-BA75-5138232FCE24}.Debug|x64.Deploy.0 = Debug|Any CPU
		{7A9DAE20-E3DA-40F1-BA75-5138232FCE24}.Debug|x86.ActiveCfg = Debug|Any CPU
		{7A9DAE20-E3DA-40F1-BA75-5138232FCE24}.Debug|x86.Build.0 = Debug|Any CPU
		{7A9DAE20-E3DA-40F1-BA75-5138232FCE24}.Debug|x86.Deploy.0 = Debug|Any CPU
		{7A9DAE20-E3DA-40F1-BA75-5138232FCE24}.Release|Any CPU.ActiveCfg = Release|Any CPU
		{7A9DAE20-E3DA-40F1-BA75-5138232FCE24}.Release|Any CPU.Build.0 = Release|Any CPU
		{7A9DAE20-E3DA-40F1-BA75-5138232FCE24}.Release|Any CPU.Deploy.0 = Release|Any CPU
		{7A9DAE20-E3DA-40F1-BA75-5138232FCE24}.Release|ARM.ActiveCfg = Release|Any CPU
		{7A9DAE20-E3DA-40F1-BA75-5138232FCE24}.Release|ARM.Build.0 = Release|Any CPU
		{7A9DAE20-E3DA-40F1-BA75-5138232FCE24}.Release|ARM.Deploy.0 = Release|Any CPU
		{7A9DAE20-E3DA-40F1-BA75-5138232FCE24}.Release|iPhone.ActiveCfg = Release|Any CPU
		{7A9DAE20-E3DA-40F1-BA75-5138232FCE24}.Release|iPhone.Build.0 = Release|Any CPU
		{7A9DAE20-E3DA-40F1-BA75-5138232FCE24}.Release|iPhone.Deploy.0 = Release|Any CPU
		{7A9DAE20-E3DA-40F1-BA75-5138232FCE24}.Release|iPhoneSimulator.ActiveCfg = Release|Any CPU
		{7A9DAE20-E3DA-40F1-BA75-5138232FCE24}.Release|iPhoneSimulator.Build.0 = Release|Any CPU
		{7A9DAE20-E3DA-40F1-BA75-5138232FCE24}.Release|iPhoneSimulator.Deploy.0 = Release|Any CPU
		{7A9DAE20-E3DA-40F1-BA75-5138232FCE24}.Release|x64.ActiveCfg = Release|Any CPU
		{7A9DAE20-E3DA-40F1-BA75-5138232FCE24}.Release|x64.Build.0 = Release|Any CPU
		{7A9DAE20-E3DA-40F1-BA75-5138232FCE24}.Release|x64.Deploy.0 = Release|Any CPU
		{7A9DAE20-E3DA-40F1-BA75-5138232FCE24}.Release|x86.ActiveCfg = Release|Any CPU
		{7A9DAE20-E3DA-40F1-BA75-5138232FCE24}.Release|x86.Build.0 = Release|Any CPU
		{7A9DAE20-E3DA-40F1-BA75-5138232FCE24}.Release|x86.Deploy.0 = Release|Any CPU
		{904A564C-06EC-4BA2-9459-711FCD27B99E}.Ad-Hoc|Any CPU.ActiveCfg = Ad-Hoc|iPhone
		{904A564C-06EC-4BA2-9459-711FCD27B99E}.Ad-Hoc|ARM.ActiveCfg = Ad-Hoc|iPhone
		{904A564C-06EC-4BA2-9459-711FCD27B99E}.Ad-Hoc|iPhone.ActiveCfg = Ad-Hoc|iPhone
		{904A564C-06EC-4BA2-9459-711FCD27B99E}.Ad-Hoc|iPhone.Build.0 = Ad-Hoc|iPhone
		{904A564C-06EC-4BA2-9459-711FCD27B99E}.Ad-Hoc|iPhoneSimulator.ActiveCfg = Ad-Hoc|iPhoneSimulator
		{904A564C-06EC-4BA2-9459-711FCD27B99E}.Ad-Hoc|iPhoneSimulator.Build.0 = Ad-Hoc|iPhoneSimulator
		{904A564C-06EC-4BA2-9459-711FCD27B99E}.Ad-Hoc|x64.ActiveCfg = Ad-Hoc|iPhone
		{904A564C-06EC-4BA2-9459-711FCD27B99E}.Ad-Hoc|x86.ActiveCfg = Ad-Hoc|iPhone
		{904A564C-06EC-4BA2-9459-711FCD27B99E}.AppStore|Any CPU.ActiveCfg = AppStore|iPhone
		{904A564C-06EC-4BA2-9459-711FCD27B99E}.AppStore|ARM.ActiveCfg = AppStore|iPhone
		{904A564C-06EC-4BA2-9459-711FCD27B99E}.AppStore|iPhone.ActiveCfg = AppStore|iPhone
		{904A564C-06EC-4BA2-9459-711FCD27B99E}.AppStore|iPhone.Build.0 = AppStore|iPhone
		{904A564C-06EC-4BA2-9459-711FCD27B99E}.AppStore|iPhoneSimulator.ActiveCfg = AppStore|iPhoneSimulator
		{904A564C-06EC-4BA2-9459-711FCD27B99E}.AppStore|iPhoneSimulator.Build.0 = AppStore|iPhoneSimulator
		{904A564C-06EC-4BA2-9459-711FCD27B99E}.AppStore|x64.ActiveCfg = AppStore|iPhone
		{904A564C-06EC-4BA2-9459-711FCD27B99E}.AppStore|x86.ActiveCfg = AppStore|iPhone
		{904A564C-06EC-4BA2-9459-711FCD27B99E}.Debug|Any CPU.ActiveCfg = Debug|iPhone
		{904A564C-06EC-4BA2-9459-711FCD27B99E}.Debug|ARM.ActiveCfg = Debug|iPhone
		{904A564C-06EC-4BA2-9459-711FCD27B99E}.Debug|iPhone.ActiveCfg = Debug|iPhone
		{904A564C-06EC-4BA2-9459-711FCD27B99E}.Debug|iPhone.Build.0 = Debug|iPhone
		{904A564C-06EC-4BA2-9459-711FCD27B99E}.Debug|iPhoneSimulator.ActiveCfg = Debug|iPhoneSimulator
		{904A564C-06EC-4BA2-9459-711FCD27B99E}.Debug|iPhoneSimulator.Build.0 = Debug|iPhoneSimulator
		{904A564C-06EC-4BA2-9459-711FCD27B99E}.Debug|x64.ActiveCfg = Debug|iPhone
		{904A564C-06EC-4BA2-9459-711FCD27B99E}.Debug|x86.ActiveCfg = Debug|iPhone
		{904A564C-06EC-4BA2-9459-711FCD27B99E}.Release|Any CPU.ActiveCfg = Release|iPhone
		{904A564C-06EC-4BA2-9459-711FCD27B99E}.Release|ARM.ActiveCfg = Release|iPhone
		{904A564C-06EC-4BA2-9459-711FCD27B99E}.Release|iPhone.ActiveCfg = Release|iPhone
		{904A564C-06EC-4BA2-9459-711FCD27B99E}.Release|iPhone.Build.0 = Release|iPhone
		{904A564C-06EC-4BA2-9459-711FCD27B99E}.Release|iPhoneSimulator.ActiveCfg = Release|iPhoneSimulator
		{904A564C-06EC-4BA2-9459-711FCD27B99E}.Release|iPhoneSimulator.Build.0 = Release|iPhoneSimulator
		{904A564C-06EC-4BA2-9459-711FCD27B99E}.Release|x64.ActiveCfg = Release|iPhone
		{904A564C-06EC-4BA2-9459-711FCD27B99E}.Release|x86.ActiveCfg = Release|iPhone
		{3CD9010F-5DB5-4D55-A7DF-45DA1AF8C6A2}.Ad-Hoc|Any CPU.ActiveCfg = Release|Any CPU
		{3CD9010F-5DB5-4D55-A7DF-45DA1AF8C6A2}.Ad-Hoc|Any CPU.Build.0 = Release|Any CPU
		{3CD9010F-5DB5-4D55-A7DF-45DA1AF8C6A2}.Ad-Hoc|Any CPU.Deploy.0 = Release|Any CPU
		{3CD9010F-5DB5-4D55-A7DF-45DA1AF8C6A2}.Ad-Hoc|ARM.ActiveCfg = Release|ARM
		{3CD9010F-5DB5-4D55-A7DF-45DA1AF8C6A2}.Ad-Hoc|ARM.Build.0 = Release|ARM
		{3CD9010F-5DB5-4D55-A7DF-45DA1AF8C6A2}.Ad-Hoc|ARM.Deploy.0 = Release|ARM
		{3CD9010F-5DB5-4D55-A7DF-45DA1AF8C6A2}.Ad-Hoc|iPhone.ActiveCfg = Release|Any CPU
		{3CD9010F-5DB5-4D55-A7DF-45DA1AF8C6A2}.Ad-Hoc|iPhone.Build.0 = Release|Any CPU
		{3CD9010F-5DB5-4D55-A7DF-45DA1AF8C6A2}.Ad-Hoc|iPhone.Deploy.0 = Release|Any CPU
		{3CD9010F-5DB5-4D55-A7DF-45DA1AF8C6A2}.Ad-Hoc|iPhoneSimulator.ActiveCfg = Release|Any CPU
		{3CD9010F-5DB5-4D55-A7DF-45DA1AF8C6A2}.Ad-Hoc|iPhoneSimulator.Build.0 = Release|Any CPU
		{3CD9010F-5DB5-4D55-A7DF-45DA1AF8C6A2}.Ad-Hoc|iPhoneSimulator.Deploy.0 = Release|Any CPU
		{3CD9010F-5DB5-4D55-A7DF-45DA1AF8C6A2}.Ad-Hoc|x64.ActiveCfg = Release|Any CPU
		{3CD9010F-5DB5-4D55-A7DF-45DA1AF8C6A2}.Ad-Hoc|x64.Build.0 = Release|Any CPU
		{3CD9010F-5DB5-4D55-A7DF-45DA1AF8C6A2}.Ad-Hoc|x64.Deploy.0 = Release|Any CPU
		{3CD9010F-5DB5-4D55-A7DF-45DA1AF8C6A2}.Ad-Hoc|x86.ActiveCfg = Release|x86
		{3CD9010F-5DB5-4D55-A7DF-45DA1AF8C6A2}.Ad-Hoc|x86.Build.0 = Release|x86
		{3CD9010F-5DB5-4D55-A7DF-45DA1AF8C6A2}.Ad-Hoc|x86.Deploy.0 = Release|x86
		{3CD9010F-5DB5-4D55-A7DF-45DA1AF8C6A2}.AppStore|Any CPU.ActiveCfg = Release|Any CPU
		{3CD9010F-5DB5-4D55-A7DF-45DA1AF8C6A2}.AppStore|Any CPU.Build.0 = Release|Any CPU
		{3CD9010F-5DB5-4D55-A7DF-45DA1AF8C6A2}.AppStore|Any CPU.Deploy.0 = Release|Any CPU
		{3CD9010F-5DB5-4D55-A7DF-45DA1AF8C6A2}.AppStore|ARM.ActiveCfg = Release|ARM
		{3CD9010F-5DB5-4D55-A7DF-45DA1AF8C6A2}.AppStore|ARM.Build.0 = Release|ARM
		{3CD9010F-5DB5-4D55-A7DF-45DA1AF8C6A2}.AppStore|ARM.Deploy.0 = Release|ARM
		{3CD9010F-5DB5-4D55-A7DF-45DA1AF8C6A2}.AppStore|iPhone.ActiveCfg = Release|Any CPU
		{3CD9010F-5DB5-4D55-A7DF-45DA1AF8C6A2}.AppStore|iPhone.Build.0 = Release|Any CPU
		{3CD9010F-5DB5-4D55-A7DF-45DA1AF8C6A2}.AppStore|iPhone.Deploy.0 = Release|Any CPU
		{3CD9010F-5DB5-4D55-A7DF-45DA1AF8C6A2}.AppStore|iPhoneSimulator.ActiveCfg = Release|Any CPU
		{3CD9010F-5DB5-4D55-A7DF-45DA1AF8C6A2}.AppStore|iPhoneSimulator.Build.0 = Release|Any CPU
		{3CD9010F-5DB5-4D55-A7DF-45DA1AF8C6A2}.AppStore|iPhoneSimulator.Deploy.0 = Release|Any CPU
		{3CD9010F-5DB5-4D55-A7DF-45DA1AF8C6A2}.AppStore|x64.ActiveCfg = Release|Any CPU
		{3CD9010F-5DB5-4D55-A7DF-45DA1AF8C6A2}.AppStore|x64.Build.0 = Release|Any CPU
		{3CD9010F-5DB5-4D55-A7DF-45DA1AF8C6A2}.AppStore|x64.Deploy.0 = Release|Any CPU
		{3CD9010F-5DB5-4D55-A7DF-45DA1AF8C6A2}.AppStore|x86.ActiveCfg = Release|x86
		{3CD9010F-5DB5-4D55-A7DF-45DA1AF8C6A2}.AppStore|x86.Build.0 = Release|x86
		{3CD9010F-5DB5-4D55-A7DF-45DA1AF8C6A2}.AppStore|x86.Deploy.0 = Release|x86
		{3CD9010F-5DB5-4D55-A7DF-45DA1AF8C6A2}.Debug|Any CPU.ActiveCfg = Debug|Any CPU
		{3CD9010F-5DB5-4D55-A7DF-45DA1AF8C6A2}.Debug|Any CPU.Build.0 = Debug|Any CPU
		{3CD9010F-5DB5-4D55-A7DF-45DA1AF8C6A2}.Debug|Any CPU.Deploy.0 = Debug|Any CPU
		{3CD9010F-5DB5-4D55-A7DF-45DA1AF8C6A2}.Debug|ARM.ActiveCfg = Debug|ARM
		{3CD9010F-5DB5-4D55-A7DF-45DA1AF8C6A2}.Debug|ARM.Build.0 = Debug|ARM
		{3CD9010F-5DB5-4D55-A7DF-45DA1AF8C6A2}.Debug|ARM.Deploy.0 = Debug|ARM
		{3CD9010F-5DB5-4D55-A7DF-45DA1AF8C6A2}.Debug|iPhone.ActiveCfg = Debug|Any CPU
		{3CD9010F-5DB5-4D55-A7DF-45DA1AF8C6A2}.Debug|iPhone.Build.0 = Debug|Any CPU
		{3CD9010F-5DB5-4D55-A7DF-45DA1AF8C6A2}.Debug|iPhone.Deploy.0 = Debug|Any CPU
		{3CD9010F-5DB5-4D55-A7DF-45DA1AF8C6A2}.Debug|iPhoneSimulator.ActiveCfg = Debug|Any CPU
		{3CD9010F-5DB5-4D55-A7DF-45DA1AF8C6A2}.Debug|iPhoneSimulator.Build.0 = Debug|Any CPU
		{3CD9010F-5DB5-4D55-A7DF-45DA1AF8C6A2}.Debug|iPhoneSimulator.Deploy.0 = Debug|Any CPU
		{3CD9010F-5DB5-4D55-A7DF-45DA1AF8C6A2}.Debug|x64.ActiveCfg = Debug|Any CPU
		{3CD9010F-5DB5-4D55-A7DF-45DA1AF8C6A2}.Debug|x64.Build.0 = Debug|Any CPU
		{3CD9010F-5DB5-4D55-A7DF-45DA1AF8C6A2}.Debug|x64.Deploy.0 = Debug|Any CPU
		{3CD9010F-5DB5-4D55-A7DF-45DA1AF8C6A2}.Debug|x86.ActiveCfg = Debug|x86
		{3CD9010F-5DB5-4D55-A7DF-45DA1AF8C6A2}.Debug|x86.Build.0 = Debug|x86
		{3CD9010F-5DB5-4D55-A7DF-45DA1AF8C6A2}.Debug|x86.Deploy.0 = Debug|x86
		{3CD9010F-5DB5-4D55-A7DF-45DA1AF8C6A2}.Release|Any CPU.ActiveCfg = Release|Any CPU
		{3CD9010F-5DB5-4D55-A7DF-45DA1AF8C6A2}.Release|Any CPU.Build.0 = Release|Any CPU
		{3CD9010F-5DB5-4D55-A7DF-45DA1AF8C6A2}.Release|Any CPU.Deploy.0 = Release|Any CPU
		{3CD9010F-5DB5-4D55-A7DF-45DA1AF8C6A2}.Release|ARM.ActiveCfg = Release|ARM
		{3CD9010F-5DB5-4D55-A7DF-45DA1AF8C6A2}.Release|ARM.Build.0 = Release|ARM
		{3CD9010F-5DB5-4D55-A7DF-45DA1AF8C6A2}.Release|ARM.Deploy.0 = Release|ARM
		{3CD9010F-5DB5-4D55-A7DF-45DA1AF8C6A2}.Release|iPhone.ActiveCfg = Release|Any CPU
		{3CD9010F-5DB5-4D55-A7DF-45DA1AF8C6A2}.Release|iPhone.Build.0 = Release|Any CPU
		{3CD9010F-5DB5-4D55-A7DF-45DA1AF8C6A2}.Release|iPhone.Deploy.0 = Release|Any CPU
		{3CD9010F-5DB5-4D55-A7DF-45DA1AF8C6A2}.Release|iPhoneSimulator.ActiveCfg = Release|Any CPU
		{3CD9010F-5DB5-4D55-A7DF-45DA1AF8C6A2}.Release|iPhoneSimulator.Build.0 = Release|Any CPU
		{3CD9010F-5DB5-4D55-A7DF-45DA1AF8C6A2}.Release|iPhoneSimulator.Deploy.0 = Release|Any CPU
		{3CD9010F-5DB5-4D55-A7DF-45DA1AF8C6A2}.Release|x64.ActiveCfg = Release|Any CPU
		{3CD9010F-5DB5-4D55-A7DF-45DA1AF8C6A2}.Release|x64.Build.0 = Release|Any CPU
		{3CD9010F-5DB5-4D55-A7DF-45DA1AF8C6A2}.Release|x64.Deploy.0 = Release|Any CPU
		{3CD9010F-5DB5-4D55-A7DF-45DA1AF8C6A2}.Release|x86.ActiveCfg = Release|x86
		{3CD9010F-5DB5-4D55-A7DF-45DA1AF8C6A2}.Release|x86.Build.0 = Release|x86
		{3CD9010F-5DB5-4D55-A7DF-45DA1AF8C6A2}.Release|x86.Deploy.0 = Release|x86
		{B45C110B-B59A-4977-9E44-CA3957DCB663}.Ad-Hoc|Any CPU.ActiveCfg = Release|x86
		{B45C110B-B59A-4977-9E44-CA3957DCB663}.Ad-Hoc|Any CPU.Build.0 = Release|x86
		{B45C110B-B59A-4977-9E44-CA3957DCB663}.Ad-Hoc|Any CPU.Deploy.0 = Release|x86
		{B45C110B-B59A-4977-9E44-CA3957DCB663}.Ad-Hoc|ARM.ActiveCfg = Release|ARM
		{B45C110B-B59A-4977-9E44-CA3957DCB663}.Ad-Hoc|ARM.Build.0 = Release|ARM
		{B45C110B-B59A-4977-9E44-CA3957DCB663}.Ad-Hoc|ARM.Deploy.0 = Release|ARM
		{B45C110B-B59A-4977-9E44-CA3957DCB663}.Ad-Hoc|iPhone.ActiveCfg = Release|x86
		{B45C110B-B59A-4977-9E44-CA3957DCB663}.Ad-Hoc|iPhone.Build.0 = Release|x86
		{B45C110B-B59A-4977-9E44-CA3957DCB663}.Ad-Hoc|iPhone.Deploy.0 = Release|x86
		{B45C110B-B59A-4977-9E44-CA3957DCB663}.Ad-Hoc|iPhoneSimulator.ActiveCfg = Release|x86
		{B45C110B-B59A-4977-9E44-CA3957DCB663}.Ad-Hoc|iPhoneSimulator.Build.0 = Release|x86
		{B45C110B-B59A-4977-9E44-CA3957DCB663}.Ad-Hoc|iPhoneSimulator.Deploy.0 = Release|x86
		{B45C110B-B59A-4977-9E44-CA3957DCB663}.Ad-Hoc|x64.ActiveCfg = Release|x64
		{B45C110B-B59A-4977-9E44-CA3957DCB663}.Ad-Hoc|x64.Build.0 = Release|x64
		{B45C110B-B59A-4977-9E44-CA3957DCB663}.Ad-Hoc|x64.Deploy.0 = Release|x64
		{B45C110B-B59A-4977-9E44-CA3957DCB663}.Ad-Hoc|x86.ActiveCfg = Release|x86
		{B45C110B-B59A-4977-9E44-CA3957DCB663}.Ad-Hoc|x86.Build.0 = Release|x86
		{B45C110B-B59A-4977-9E44-CA3957DCB663}.Ad-Hoc|x86.Deploy.0 = Release|x86
		{B45C110B-B59A-4977-9E44-CA3957DCB663}.AppStore|Any CPU.ActiveCfg = Release|x86
		{B45C110B-B59A-4977-9E44-CA3957DCB663}.AppStore|Any CPU.Build.0 = Release|x86
		{B45C110B-B59A-4977-9E44-CA3957DCB663}.AppStore|Any CPU.Deploy.0 = Release|x86
		{B45C110B-B59A-4977-9E44-CA3957DCB663}.AppStore|ARM.ActiveCfg = Release|ARM
		{B45C110B-B59A-4977-9E44-CA3957DCB663}.AppStore|ARM.Build.0 = Release|ARM
		{B45C110B-B59A-4977-9E44-CA3957DCB663}.AppStore|ARM.Deploy.0 = Release|ARM
		{B45C110B-B59A-4977-9E44-CA3957DCB663}.AppStore|iPhone.ActiveCfg = Release|x86
		{B45C110B-B59A-4977-9E44-CA3957DCB663}.AppStore|iPhone.Build.0 = Release|x86
		{B45C110B-B59A-4977-9E44-CA3957DCB663}.AppStore|iPhone.Deploy.0 = Release|x86
		{B45C110B-B59A-4977-9E44-CA3957DCB663}.AppStore|iPhoneSimulator.ActiveCfg = Release|x86
		{B45C110B-B59A-4977-9E44-CA3957DCB663}.AppStore|iPhoneSimulator.Build.0 = Release|x86
		{B45C110B-B59A-4977-9E44-CA3957DCB663}.AppStore|iPhoneSimulator.Deploy.0 = Release|x86
		{B45C110B-B59A-4977-9E44-CA3957DCB663}.AppStore|x64.ActiveCfg = Release|x64
		{B45C110B-B59A-4977-9E44-CA3957DCB663}.AppStore|x64.Build.0 = Release|x64
		{B45C110B-B59A-4977-9E44-CA3957DCB663}.AppStore|x64.Deploy.0 = Release|x64
		{B45C110B-B59A-4977-9E44-CA3957DCB663}.AppStore|x86.ActiveCfg = Release|x86
		{B45C110B-B59A-4977-9E44-CA3957DCB663}.AppStore|x86.Build.0 = Release|x86
		{B45C110B-B59A-4977-9E44-CA3957DCB663}.AppStore|x86.Deploy.0 = Release|x86
		{B45C110B-B59A-4977-9E44-CA3957DCB663}.Debug|Any CPU.ActiveCfg = Debug|x86
		{B45C110B-B59A-4977-9E44-CA3957DCB663}.Debug|Any CPU.Build.0 = Debug|x86
		{B45C110B-B59A-4977-9E44-CA3957DCB663}.Debug|Any CPU.Deploy.0 = Debug|x86
		{B45C110B-B59A-4977-9E44-CA3957DCB663}.Debug|ARM.ActiveCfg = Debug|ARM
		{B45C110B-B59A-4977-9E44-CA3957DCB663}.Debug|ARM.Build.0 = Debug|ARM
		{B45C110B-B59A-4977-9E44-CA3957DCB663}.Debug|ARM.Deploy.0 = Debug|ARM
		{B45C110B-B59A-4977-9E44-CA3957DCB663}.Debug|iPhone.ActiveCfg = Debug|x86
		{B45C110B-B59A-4977-9E44-CA3957DCB663}.Debug|iPhoneSimulator.ActiveCfg = Debug|x86
		{B45C110B-B59A-4977-9E44-CA3957DCB663}.Debug|x64.ActiveCfg = Debug|x64
		{B45C110B-B59A-4977-9E44-CA3957DCB663}.Debug|x64.Build.0 = Debug|x64
		{B45C110B-B59A-4977-9E44-CA3957DCB663}.Debug|x64.Deploy.0 = Debug|x64
		{B45C110B-B59A-4977-9E44-CA3957DCB663}.Debug|x86.ActiveCfg = Debug|x86
		{B45C110B-B59A-4977-9E44-CA3957DCB663}.Debug|x86.Build.0 = Debug|x86
		{B45C110B-B59A-4977-9E44-CA3957DCB663}.Debug|x86.Deploy.0 = Debug|x86
		{B45C110B-B59A-4977-9E44-CA3957DCB663}.Release|Any CPU.ActiveCfg = Release|x86
		{B45C110B-B59A-4977-9E44-CA3957DCB663}.Release|ARM.ActiveCfg = Release|ARM
		{B45C110B-B59A-4977-9E44-CA3957DCB663}.Release|ARM.Build.0 = Release|ARM
		{B45C110B-B59A-4977-9E44-CA3957DCB663}.Release|ARM.Deploy.0 = Release|ARM
		{B45C110B-B59A-4977-9E44-CA3957DCB663}.Release|iPhone.ActiveCfg = Release|x86
		{B45C110B-B59A-4977-9E44-CA3957DCB663}.Release|iPhoneSimulator.ActiveCfg = Release|x86
		{B45C110B-B59A-4977-9E44-CA3957DCB663}.Release|x64.ActiveCfg = Release|x64
		{B45C110B-B59A-4977-9E44-CA3957DCB663}.Release|x64.Build.0 = Release|x64
		{B45C110B-B59A-4977-9E44-CA3957DCB663}.Release|x64.Deploy.0 = Release|x64
		{B45C110B-B59A-4977-9E44-CA3957DCB663}.Release|x86.ActiveCfg = Release|x86
		{B45C110B-B59A-4977-9E44-CA3957DCB663}.Release|x86.Build.0 = Release|x86
		{B45C110B-B59A-4977-9E44-CA3957DCB663}.Release|x86.Deploy.0 = Release|x86
		{140FEB1B-27B4-42DA-888D-EEC148FA5BCB}.Ad-Hoc|Any CPU.ActiveCfg = Release|Any CPU
		{140FEB1B-27B4-42DA-888D-EEC148FA5BCB}.Ad-Hoc|Any CPU.Build.0 = Release|Any CPU
		{140FEB1B-27B4-42DA-888D-EEC148FA5BCB}.Ad-Hoc|Any CPU.Deploy.0 = Release|Any CPU
		{140FEB1B-27B4-42DA-888D-EEC148FA5BCB}.Ad-Hoc|ARM.ActiveCfg = Release|ARM
		{140FEB1B-27B4-42DA-888D-EEC148FA5BCB}.Ad-Hoc|ARM.Build.0 = Release|ARM
		{140FEB1B-27B4-42DA-888D-EEC148FA5BCB}.Ad-Hoc|ARM.Deploy.0 = Release|ARM
		{140FEB1B-27B4-42DA-888D-EEC148FA5BCB}.Ad-Hoc|iPhone.ActiveCfg = Release|Any CPU
		{140FEB1B-27B4-42DA-888D-EEC148FA5BCB}.Ad-Hoc|iPhone.Build.0 = Release|Any CPU
		{140FEB1B-27B4-42DA-888D-EEC148FA5BCB}.Ad-Hoc|iPhone.Deploy.0 = Release|Any CPU
		{140FEB1B-27B4-42DA-888D-EEC148FA5BCB}.Ad-Hoc|iPhoneSimulator.ActiveCfg = Release|Any CPU
		{140FEB1B-27B4-42DA-888D-EEC148FA5BCB}.Ad-Hoc|iPhoneSimulator.Build.0 = Release|Any CPU
		{140FEB1B-27B4-42DA-888D-EEC148FA5BCB}.Ad-Hoc|iPhoneSimulator.Deploy.0 = Release|Any CPU
		{140FEB1B-27B4-42DA-888D-EEC148FA5BCB}.Ad-Hoc|x64.ActiveCfg = Release|x64
		{140FEB1B-27B4-42DA-888D-EEC148FA5BCB}.Ad-Hoc|x64.Build.0 = Release|x64
		{140FEB1B-27B4-42DA-888D-EEC148FA5BCB}.Ad-Hoc|x64.Deploy.0 = Release|x64
		{140FEB1B-27B4-42DA-888D-EEC148FA5BCB}.Ad-Hoc|x86.ActiveCfg = Release|x86
		{140FEB1B-27B4-42DA-888D-EEC148FA5BCB}.Ad-Hoc|x86.Build.0 = Release|x86
		{140FEB1B-27B4-42DA-888D-EEC148FA5BCB}.Ad-Hoc|x86.Deploy.0 = Release|x86
		{140FEB1B-27B4-42DA-888D-EEC148FA5BCB}.AppStore|Any CPU.ActiveCfg = Release|Any CPU
		{140FEB1B-27B4-42DA-888D-EEC148FA5BCB}.AppStore|Any CPU.Build.0 = Release|Any CPU
		{140FEB1B-27B4-42DA-888D-EEC148FA5BCB}.AppStore|Any CPU.Deploy.0 = Release|Any CPU
		{140FEB1B-27B4-42DA-888D-EEC148FA5BCB}.AppStore|ARM.ActiveCfg = Release|ARM
		{140FEB1B-27B4-42DA-888D-EEC148FA5BCB}.AppStore|ARM.Build.0 = Release|ARM
		{140FEB1B-27B4-42DA-888D-EEC148FA5BCB}.AppStore|ARM.Deploy.0 = Release|ARM
		{140FEB1B-27B4-42DA-888D-EEC148FA5BCB}.AppStore|iPhone.ActiveCfg = Release|Any CPU
		{140FEB1B-27B4-42DA-888D-EEC148FA5BCB}.AppStore|iPhone.Build.0 = Release|Any CPU
		{140FEB1B-27B4-42DA-888D-EEC148FA5BCB}.AppStore|iPhone.Deploy.0 = Release|Any CPU
		{140FEB1B-27B4-42DA-888D-EEC148FA5BCB}.AppStore|iPhoneSimulator.ActiveCfg = Release|Any CPU
		{140FEB1B-27B4-42DA-888D-EEC148FA5BCB}.AppStore|iPhoneSimulator.Build.0 = Release|Any CPU
		{140FEB1B-27B4-42DA-888D-EEC148FA5BCB}.AppStore|iPhoneSimulator.Deploy.0 = Release|Any CPU
		{140FEB1B-27B4-42DA-888D-EEC148FA5BCB}.AppStore|x64.ActiveCfg = Release|x64
		{140FEB1B-27B4-42DA-888D-EEC148FA5BCB}.AppStore|x64.Build.0 = Release|x64
		{140FEB1B-27B4-42DA-888D-EEC148FA5BCB}.AppStore|x64.Deploy.0 = Release|x64
		{140FEB1B-27B4-42DA-888D-EEC148FA5BCB}.AppStore|x86.ActiveCfg = Release|x86
		{140FEB1B-27B4-42DA-888D-EEC148FA5BCB}.AppStore|x86.Build.0 = Release|x86
		{140FEB1B-27B4-42DA-888D-EEC148FA5BCB}.AppStore|x86.Deploy.0 = Release|x86
		{140FEB1B-27B4-42DA-888D-EEC148FA5BCB}.Debug|Any CPU.ActiveCfg = Debug|Any CPU
		{140FEB1B-27B4-42DA-888D-EEC148FA5BCB}.Debug|Any CPU.Build.0 = Debug|Any CPU
		{140FEB1B-27B4-42DA-888D-EEC148FA5BCB}.Debug|Any CPU.Deploy.0 = Debug|Any CPU
		{140FEB1B-27B4-42DA-888D-EEC148FA5BCB}.Debug|ARM.ActiveCfg = Debug|ARM
		{140FEB1B-27B4-42DA-888D-EEC148FA5BCB}.Debug|ARM.Build.0 = Debug|ARM
		{140FEB1B-27B4-42DA-888D-EEC148FA5BCB}.Debug|ARM.Deploy.0 = Debug|ARM
		{140FEB1B-27B4-42DA-888D-EEC148FA5BCB}.Debug|iPhone.ActiveCfg = Debug|Any CPU
		{140FEB1B-27B4-42DA-888D-EEC148FA5BCB}.Debug|iPhone.Build.0 = Debug|Any CPU
		{140FEB1B-27B4-42DA-888D-EEC148FA5BCB}.Debug|iPhone.Deploy.0 = Debug|Any CPU
		{140FEB1B-27B4-42DA-888D-EEC148FA5BCB}.Debug|iPhoneSimulator.ActiveCfg = Debug|Any CPU
		{140FEB1B-27B4-42DA-888D-EEC148FA5BCB}.Debug|iPhoneSimulator.Build.0 = Debug|Any CPU
		{140FEB1B-27B4-42DA-888D-EEC148FA5BCB}.Debug|iPhoneSimulator.Deploy.0 = Debug|Any CPU
		{140FEB1B-27B4-42DA-888D-EEC148FA5BCB}.Debug|x64.ActiveCfg = Debug|x64
		{140FEB1B-27B4-42DA-888D-EEC148FA5BCB}.Debug|x64.Build.0 = Debug|x64
		{140FEB1B-27B4-42DA-888D-EEC148FA5BCB}.Debug|x64.Deploy.0 = Debug|x64
		{140FEB1B-27B4-42DA-888D-EEC148FA5BCB}.Debug|x86.ActiveCfg = Debug|x86
		{140FEB1B-27B4-42DA-888D-EEC148FA5BCB}.Debug|x86.Build.0 = Debug|x86
		{140FEB1B-27B4-42DA-888D-EEC148FA5BCB}.Debug|x86.Deploy.0 = Debug|x86
		{140FEB1B-27B4-42DA-888D-EEC148FA5BCB}.Release|Any CPU.ActiveCfg = Release|Any CPU
		{140FEB1B-27B4-42DA-888D-EEC148FA5BCB}.Release|Any CPU.Build.0 = Release|Any CPU
		{140FEB1B-27B4-42DA-888D-EEC148FA5BCB}.Release|Any CPU.Deploy.0 = Release|Any CPU
		{140FEB1B-27B4-42DA-888D-EEC148FA5BCB}.Release|ARM.ActiveCfg = Release|ARM
		{140FEB1B-27B4-42DA-888D-EEC148FA5BCB}.Release|ARM.Build.0 = Release|ARM
		{140FEB1B-27B4-42DA-888D-EEC148FA5BCB}.Release|ARM.Deploy.0 = Release|ARM
		{140FEB1B-27B4-42DA-888D-EEC148FA5BCB}.Release|iPhone.ActiveCfg = Release|Any CPU
		{140FEB1B-27B4-42DA-888D-EEC148FA5BCB}.Release|iPhone.Build.0 = Release|Any CPU
		{140FEB1B-27B4-42DA-888D-EEC148FA5BCB}.Release|iPhone.Deploy.0 = Release|Any CPU
		{140FEB1B-27B4-42DA-888D-EEC148FA5BCB}.Release|iPhoneSimulator.ActiveCfg = Release|Any CPU
		{140FEB1B-27B4-42DA-888D-EEC148FA5BCB}.Release|iPhoneSimulator.Build.0 = Release|Any CPU
		{140FEB1B-27B4-42DA-888D-EEC148FA5BCB}.Release|iPhoneSimulator.Deploy.0 = Release|Any CPU
		{140FEB1B-27B4-42DA-888D-EEC148FA5BCB}.Release|x64.ActiveCfg = Release|x64
		{140FEB1B-27B4-42DA-888D-EEC148FA5BCB}.Release|x64.Build.0 = Release|x64
		{140FEB1B-27B4-42DA-888D-EEC148FA5BCB}.Release|x64.Deploy.0 = Release|x64
		{140FEB1B-27B4-42DA-888D-EEC148FA5BCB}.Release|x86.ActiveCfg = Release|x86
		{140FEB1B-27B4-42DA-888D-EEC148FA5BCB}.Release|x86.Build.0 = Release|x86
		{140FEB1B-27B4-42DA-888D-EEC148FA5BCB}.Release|x86.Deploy.0 = Release|x86
	EndGlobalSection
	GlobalSection(SolutionProperties) = preSolution
		HideSolutionNode = FALSE
	EndGlobalSection
EndGlobal
